
Microsoft Visual Studio Solution File, Format Version 12.00
# Visual Studio 2013
VisualStudioVersion = 12.0.21005.1
MinimumVisualStudioVersion = 10.0.40219.1
Project("{FAE04EC0-301F-11D3-BF4B-00C04F79EFBC}") = "App", "App\App.csproj", "{B29C8352-728E-415F-8550-F185B8A784E2}"
EndProject
Project("{FAE04EC0-301F-11D3-BF4B-00C04F79EFBC}") = "App.Tests", "App.Tests\App.Tests.csproj", "{0D0A26EB-5F33-47F1-8B20-DF219D1AE909}"
EndProject
Project("{FAE04EC0-301F-11D3-BF4B-00C04F79EFBC}") = "App.BLL", "App.BLL\App.BLL.csproj", "{FC3DB846-69F6-4B13-82F0-C3C84715E622}"
EndProject
Project("{FAE04EC0-301F-11D3-BF4B-00C04F79EFBC}") = "App.IBLL", "App.IBLL\App.IBLL.csproj", "{1D8C50F9-0854-4068-B9A6-49D67A1AC3AB}"
EndProject
Project("{FAE04EC0-301F-11D3-BF4B-00C04F79EFBC}") = "App.DAL", "App.DAL\App.DAL.csproj", "{1EAC7A73-CABD-4201-8E99-8F74C5C596A8}"
EndProject
Project("{FAE04EC0-301F-11D3-BF4B-00C04F79EFBC}") = "App.IDAL", "App.IDAL\App.IDAL.csproj", "{A9C0A4D8-4E38-4AB0-BAA5-2804A491794A}"
EndProject
Project("{FAE04EC0-301F-11D3-BF4B-00C04F79EFBC}") = "App.Models", "App.Models\App.Models.csproj", "{12181ADF-ED49-48B4-84AC-4E28D4D26281}"
EndProject
Project("{FAE04EC0-301F-11D3-BF4B-00C04F79EFBC}") = "App.Common", "App.Common\App.Common.csproj", "{06F89830-BB51-42D5-851A-FA62E35B7429}"
EndProject
Project("{FAE04EC0-301F-11D3-BF4B-00C04F79EFBC}") = "App.Core", "App.Core\App.Core.csproj", "{4346B78F-8F2F-41F0-A8F9-25E51BF0E24B}"
EndProject
Project("{2150E333-8FDC-42A3-9474-1A3956D46DE8}") = "App.MIS", "App.MIS", "{B100E197-3C2E-471C-ABED-DDAA174FE791}"
EndProject
Project("{FAE04EC0-301F-11D3-BF4B-00C04F79EFBC}") = "App.MIS.IDAL", "App.MIS.IDAL\App.MIS.IDAL.csproj", "{8A191DED-6013-49DB-A08C-0B106B37EBFB}"
EndProject
Project("{FAE04EC0-301F-11D3-BF4B-00C04F79EFBC}") = "App.MIS.DAL", "App.MIS.DAL\App.MIS.DAL.csproj", "{45D8ACD3-0D98-48AF-BE89-D16B9397A3EA}"
EndProject
Project("{FAE04EC0-301F-11D3-BF4B-00C04F79EFBC}") = "App.MIS.IBLL", "App.MIS.IBLL\App.MIS.IBLL.csproj", "{A5803EE5-E360-41D4-AA6A-1647CF59632E}"
EndProject
Project("{FAE04EC0-301F-11D3-BF4B-00C04F79EFBC}") = "App.MIS.BLL", "App.MIS.BLL\App.MIS.BLL.csproj", "{3F45AD81-D7EF-4B3A-AFFA-A5687C2DC247}"
EndProject
Project("{2150E333-8FDC-42A3-9474-1A3956D46DE8}") = "App.Flow", "App.Flow", "{2408C975-92A9-47FB-82F9-399910FDDA80}"
EndProject
Project("{FAE04EC0-301F-11D3-BF4B-00C04F79EFBC}") = "App.Flow.IDAL", "App.Flow.IDAL\App.Flow.IDAL.csproj", "{EE343681-3024-4007-8CC6-3ECA5AA3AD5F}"
EndProject
Project("{FAE04EC0-301F-11D3-BF4B-00C04F79EFBC}") = "App.Flow.IBLL", "App.Flow.IBLL\App.Flow.IBLL.csproj", "{053D9DF2-FCF6-4DE1-9983-69EFBF69DCDC}"
EndProject
Project("{FAE04EC0-301F-11D3-BF4B-00C04F79EFBC}") = "App.Flow.DAL", "App.Flow.DAL\App.Flow.DAL.csproj", "{8C10E2C9-8479-4796-BC34-15E2B48A3AC9}"
EndProject
Project("{FAE04EC0-301F-11D3-BF4B-00C04F79EFBC}") = "App.Flow.BLL", "App.Flow.BLL\App.Flow.BLL.csproj", "{C87CC644-6408-4C18-A40E-3805FD9E206E}"
EndProject
Global
	GlobalSection(SolutionConfigurationPlatforms) = preSolution
		Debug|Any CPU = Debug|Any CPU
		Release|Any CPU = Release|Any CPU
	EndGlobalSection
	GlobalSection(ProjectConfigurationPlatforms) = postSolution
		{B29C8352-728E-415F-8550-F185B8A784E2}.Debug|Any CPU.ActiveCfg = Debug|Any CPU
		{B29C8352-728E-415F-8550-F185B8A784E2}.Debug|Any CPU.Build.0 = Debug|Any CPU
		{B29C8352-728E-415F-8550-F185B8A784E2}.Release|Any CPU.ActiveCfg = Release|Any CPU
		{B29C8352-728E-415F-8550-F185B8A784E2}.Release|Any CPU.Build.0 = Release|Any CPU
		{0D0A26EB-5F33-47F1-8B20-DF219D1AE909}.Debug|Any CPU.ActiveCfg = Debug|Any CPU
		{0D0A26EB-5F33-47F1-8B20-DF219D1AE909}.Debug|Any CPU.Build.0 = Debug|Any CPU
		{0D0A26EB-5F33-47F1-8B20-DF219D1AE909}.Release|Any CPU.ActiveCfg = Release|Any CPU
		{0D0A26EB-5F33-47F1-8B20-DF219D1AE909}.Release|Any CPU.Build.0 = Release|Any CPU
		{FC3DB846-69F6-4B13-82F0-C3C84715E622}.Debug|Any CPU.ActiveCfg = Debug|Any CPU
		{FC3DB846-69F6-4B13-82F0-C3C84715E622}.Debug|Any CPU.Build.0 = Debug|Any CPU
		{FC3DB846-69F6-4B13-82F0-C3C84715E622}.Release|Any CPU.ActiveCfg = Release|Any CPU
		{FC3DB846-69F6-4B13-82F0-C3C84715E622}.Release|Any CPU.Build.0 = Release|Any CPU
		{1D8C50F9-0854-4068-B9A6-49D67A1AC3AB}.Debug|Any CPU.ActiveCfg = Debug|Any CPU
		{1D8C50F9-0854-4068-B9A6-49D67A1AC3AB}.Debug|Any CPU.Build.0 = Debug|Any CPU
		{1D8C50F9-0854-4068-B9A6-49D67A1AC3AB}.Release|Any CPU.ActiveCfg = Release|Any CPU
		{1D8C50F9-0854-4068-B9A6-49D67A1AC3AB}.Release|Any CPU.Build.0 = Release|Any CPU
		{1EAC7A73-CABD-4201-8E99-8F74C5C596A8}.Debug|Any CPU.ActiveCfg = Debug|Any CPU
		{1EAC7A73-CABD-4201-8E99-8F74C5C596A8}.Debug|Any CPU.Build.0 = Debug|Any CPU
		{1EAC7A73-CABD-4201-8E99-8F74C5C596A8}.Release|Any CPU.ActiveCfg = Release|Any CPU
		{1EAC7A73-CABD-4201-8E99-8F74C5C596A8}.Release|Any CPU.Build.0 = Release|Any CPU
		{A9C0A4D8-4E38-4AB0-BAA5-2804A491794A}.Debug|Any CPU.ActiveCfg = Debug|Any CPU
		{A9C0A4D8-4E38-4AB0-BAA5-2804A491794A}.Debug|Any CPU.Build.0 = Debug|Any CPU
		{A9C0A4D8-4E38-4AB0-BAA5-2804A491794A}.Release|Any CPU.ActiveCfg = Release|Any CPU
		{A9C0A4D8-4E38-4AB0-BAA5-2804A491794A}.Release|Any CPU.Build.0 = Release|Any CPU
		{12181ADF-ED49-48B4-84AC-4E28D4D26281}.Debug|Any CPU.ActiveCfg = Debug|Any CPU
		{12181ADF-ED49-48B4-84AC-4E28D4D26281}.Debug|Any CPU.Build.0 = Debug|Any CPU
		{12181ADF-ED49-48B4-84AC-4E28D4D26281}.Release|Any CPU.ActiveCfg = Release|Any CPU
		{12181ADF-ED49-48B4-84AC-4E28D4D26281}.Release|Any CPU.Build.0 = Release|Any CPU
		{06F89830-BB51-42D5-851A-FA62E35B7429}.Debug|Any CPU.ActiveCfg = Debug|Any CPU
		{06F89830-BB51-42D5-851A-FA62E35B7429}.Debug|Any CPU.Build.0 = Debug|Any CPU
		{06F89830-BB51-42D5-851A-FA62E35B7429}.Release|Any CPU.ActiveCfg = Release|Any CPU
		{06F89830-BB51-42D5-851A-FA62E35B7429}.Release|Any CPU.Build.0 = Release|Any CPU
		{4346B78F-8F2F-41F0-A8F9-25E51BF0E24B}.Debug|Any CPU.ActiveCfg = Debug|Any CPU
		{4346B78F-8F2F-41F0-A8F9-25E51BF0E24B}.Debug|Any CPU.Build.0 = Debug|Any CPU
		{4346B78F-8F2F-41F0-A8F9-25E51BF0E24B}.Release|Any CPU.ActiveCfg = Release|Any CPU
		{4346B78F-8F2F-41F0-A8F9-25E51BF0E24B}.Release|Any CPU.Build.0 = Release|Any CPU
		{8A191DED-6013-49DB-A08C-0B106B37EBFB}.Debug|Any CPU.ActiveCfg = Debug|Any CPU
		{8A191DED-6013-49DB-A08C-0B106B37EBFB}.Debug|Any CPU.Build.0 = Debug|Any CPU
		{8A191DED-6013-49DB-A08C-0B106B37EBFB}.Release|Any CPU.ActiveCfg = Release|Any CPU
		{8A191DED-6013-49DB-A08C-0B106B37EBFB}.Release|Any CPU.Build.0 = Release|Any CPU
		{45D8ACD3-0D98-48AF-BE89-D16B9397A3EA}.Debug|Any CPU.ActiveCfg = Debug|Any CPU
		{45D8ACD3-0D98-48AF-BE89-D16B9397A3EA}.Debug|Any CPU.Build.0 = Debug|Any CPU
		{45D8ACD3-0D98-48AF-BE89-D16B9397A3EA}.Release|Any CPU.ActiveCfg = Release|Any CPU
		{45D8ACD3-0D98-48AF-BE89-D16B9397A3EA}.Release|Any CPU.Build.0 = Release|Any CPU
		{A5803EE5-E360-41D4-AA6A-1647CF59632E}.Debug|Any CPU.ActiveCfg = Debug|Any CPU
		{A5803EE5-E360-41D4-AA6A-1647CF59632E}.Debug|Any CPU.Build.0 = Debug|Any CPU
		{A5803EE5-E360-41D4-AA6A-1647CF59632E}.Release|Any CPU.ActiveCfg = Release|Any CPU
		{A5803EE5-E360-41D4-AA6A-1647CF59632E}.Release|Any CPU.Build.0 = Release|Any CPU
		{3F45AD81-D7EF-4B3A-AFFA-A5687C2DC247}.Debug|Any CPU.ActiveCfg = Debug|Any CPU
		{3F45AD81-D7EF-4B3A-AFFA-A5687C2DC247}.Debug|Any CPU.Build.0 = Debug|Any CPU
		{3F45AD81-D7EF-4B3A-AFFA-A5687C2DC247}.Release|Any CPU.ActiveCfg = Release|Any CPU
		{3F45AD81-D7EF-4B3A-AFFA-A5687C2DC247}.Release|Any CPU.Build.0 = Release|Any CPU
		{EE343681-3024-4007-8CC6-3ECA5AA3AD5F}.Debug|Any CPU.ActiveCfg = Debug|Any CPU
		{EE343681-3024-4007-8CC6-3ECA5AA3AD5F}.Debug|Any CPU.Build.0 = Debug|Any CPU
		{EE343681-3024-4007-8CC6-3ECA5AA3AD5F}.Release|Any CPU.ActiveCfg = Release|Any CPU
		{EE343681-3024-4007-8CC6-3ECA5AA3AD5F}.Release|Any CPU.Build.0 = Release|Any CPU
		{053D9DF2-FCF6-4DE1-9983-69EFBF69DCDC}.Debug|Any CPU.ActiveCfg = Debug|Any CPU
		{053D9DF2-FCF6-4DE1-9983-69EFBF69DCDC}.Debug|Any CPU.Build.0 = Debug|Any CPU
		{053D9DF2-FCF6-4DE1-9983-69EFBF69DCDC}.Release|Any CPU.ActiveCfg = Release|Any CPU
		{053D9DF2-FCF6-4DE1-9983-69EFBF69DCDC}.Release|Any CPU.Build.0 = Release|Any CPU
		{8C10E2C9-8479-4796-BC34-15E2B48A3AC9}.Debug|Any CPU.ActiveCfg = Debug|Any CPU
		{8C10E2C9-8479-4796-BC34-15E2B48A3AC9}.Debug|Any CPU.Build.0 = Debug|Any CPU
		{8C10E2C9-8479-4796-BC34-15E2B48A3AC9}.Release|Any CPU.ActiveCfg = Release|Any CPU
		{8C10E2C9-8479-4796-BC34-15E2B48A3AC9}.Release|Any CPU.Build.0 = Release|Any CPU
		{C87CC644-6408-4C18-A40E-3805FD9E206E}.Debug|Any CPU.ActiveCfg = Debug|Any CPU
		{C87CC644-6408-4C18-A40E-3805FD9E206E}.Debug|Any CPU.Build.0 = Debug|Any CPU
		{C87CC644-6408-4C18-A40E-3805FD9E206E}.Release|Any CPU.ActiveCfg = Release|Any CPU
		{C87CC644-6408-4C18-A40E-3805FD9E206E}.Release|Any CPU.Build.0 = Release|Any CPU
	EndGlobalSection
	GlobalSection(SolutionProperties) = preSolution
		HideSolutionNode = FALSE
	EndGlobalSection
	GlobalSection(NestedProjects) = preSolution
		{8A191DED-6013-49DB-A08C-0B106B37EBFB} = {B100E197-3C2E-471C-ABED-DDAA174FE791}
		{45D8ACD3-0D98-48AF-BE89-D16B9397A3EA} = {B100E197-3C2E-471C-ABED-DDAA174FE791}
		{A5803EE5-E360-41D4-AA6A-1647CF59632E} = {B100E197-3C2E-471C-ABED-DDAA174FE791}
		{3F45AD81-D7EF-4B3A-AFFA-A5687C2DC247} = {B100E197-3C2E-471C-ABED-DDAA174FE791}
		{EE343681-3024-4007-8CC6-3ECA5AA3AD5F} = {2408C975-92A9-47FB-82F9-399910FDDA80}
		{053D9DF2-FCF6-4DE1-9983-69EFBF69DCDC} = {2408C975-92A9-47FB-82F9-399910FDDA80}
		{8C10E2C9-8479-4796-BC34-15E2B48A3AC9} = {2408C975-92A9-47FB-82F9-399910FDDA80}
		{C87CC644-6408-4C18-A40E-3805FD9E206E} = {2408C975-92A9-47FB-82F9-399910FDDA80}
	EndGlobalSection
EndGlobal
